
Microsoft Visual Studio Solution File, Format Version 12.00
# Visual Studio 15
VisualStudioVersion = 15.0.28307.421
MinimumVisualStudioVersion = 10.0.40219.1
Project("{FAE04EC0-301F-11D3-BF4B-00C04F79EFBC}") = "lab2", "lab2\lab2.csproj", "{5344BF5E-8979-403F-9AF3-2F30EBCAA01B}"
EndProject
Global
	GlobalSection(SolutionConfigurationPlatforms) = preSolution
		Debug|Any CPU = Debug|Any CPU
		Release|Any CPU = Release|Any CPU
	EndGlobalSection
	GlobalSection(ProjectConfigurationPlatforms) = postSolution
		{5344BF5E-8979-403F-9AF3-2F30EBCAA01B}.Debug|Any CPU.ActiveCfg = Debug|Any CPU
		{5344BF5E-8979-403F-9AF3-2F30EBCAA01B}.Debug|Any CPU.Build.0 = Debug|Any CPU
		{5344BF5E-8979-403F-9AF3-2F30EBCAA01B}.Release|Any CPU.ActiveCfg = Release|Any CPU
		{5344BF5E-8979-403F-9AF3-2F30EBCAA01B}.Release|Any CPU.Build.0 = Release|Any CPU
	EndGlobalSection
	GlobalSection(SolutionProperties) = preSolution
		HideSolutionNode = FALSE
	EndGlobalSection
	GlobalSection(ExtensibilityGlobals) = postSolution
		SolutionGuid = {DD86C799-4EB1-4D24-914A-A47EADBACC0F}
	EndGlobalSection
EndGlobal
